// !$*UTF8*$!
{
	archiveVersion = 1;
	classes = {
	};
	objectVersion = 50;
	objects = {

/* Begin PBXBuildFile section */
		02A6DAB72432578300C39293 /* AppDelegate.swift in Sources */ = {isa = PBXBuildFile; fileRef = 02A6DAB62432578300C39293 /* AppDelegate.swift */; };
		02A6DAB92432578300C39293 /* SceneDelegate.swift in Sources */ = {isa = PBXBuildFile; fileRef = 02A6DAB82432578300C39293 /* SceneDelegate.swift */; };
		02A6DABB2432578300C39293 /* ViewController.swift in Sources */ = {isa = PBXBuildFile; fileRef = 02A6DABA2432578300C39293 /* ViewController.swift */; };
		02A6DABE2432578300C39293 /* Main.storyboard in Resources */ = {isa = PBXBuildFile; fileRef = 02A6DABC2432578300C39293 /* Main.storyboard */; };
		02A6DAC02432578500C39293 /* Assets.xcassets in Resources */ = {isa = PBXBuildFile; fileRef = 02A6DABF2432578500C39293 /* Assets.xcassets */; };
		02A6DAC32432578500C39293 /* LaunchScreen.storyboard in Resources */ = {isa = PBXBuildFile; fileRef = 02A6DAC12432578500C39293 /* LaunchScreen.storyboard */; };
		02A6DACE2432578500C39293 /* NostalGameTests.swift in Sources */ = {isa = PBXBuildFile; fileRef = 02A6DACD2432578500C39293 /* NostalGameTests.swift */; };
		02A6DAD92432578500C39293 /* NostalGameUITests.swift in Sources */ = {isa = PBXBuildFile; fileRef = 02A6DAD82432578500C39293 /* NostalGameUITests.swift */; };
/* End PBXBuildFile section */

/* Begin PBXContainerItemProxy section */
		02A6DACA2432578500C39293 /* PBXContainerItemProxy */ = {
			isa = PBXContainerItemProxy;
			containerPortal = 02A6DAAB2432578300C39293 /* Project object */;
			proxyType = 1;
			remoteGlobalIDString = 02A6DAB22432578300C39293;
			remoteInfo = NostalGame;
		};
		02A6DAD52432578500C39293 /* PBXContainerItemProxy */ = {
			isa = PBXContainerItemProxy;
			containerPortal = 02A6DAAB2432578300C39293 /* Project object */;
			proxyType = 1;
			remoteGlobalIDString = 02A6DAB22432578300C39293;
			remoteInfo = NostalGame;
		};
/* End PBXContainerItemProxy section */

/* Begin PBXFileReference section */
		02A6DAB32432578300C39293 /* NostalGame.app */ = {isa = PBXFileReference; explicitFileType = wrapper.application; includeInIndex = 0; path = NostalGame.app; sourceTree = BUILT_PRODUCTS_DIR; };
		02A6DAB62432578300C39293 /* AppDelegate.swift */ = {isa = PBXFileReference; lastKnownFileType = sourcecode.swift; path = AppDelegate.swift; sourceTree = "<group>"; };
		02A6DAB82432578300C39293 /* SceneDelegate.swift */ = {isa = PBXFileReference; lastKnownFileType = sourcecode.swift; path = SceneDelegate.swift; sourceTree = "<group>"; };
		02A6DABA2432578300C39293 /* ViewController.swift */ = {isa = PBXFileReference; lastKnownFileType = sourcecode.swift; path = ViewController.swift; sourceTree = "<group>"; };
		02A6DABD2432578300C39293 /* Base */ = {isa = PBXFileReference; lastKnownFileType = file.storyboard; name = Base; path = Base.lproj/Main.storyboard; sourceTree = "<group>"; };
		02A6DABF2432578500C39293 /* Assets.xcassets */ = {isa = PBXFileReference; lastKnownFileType = folder.assetcatalog; path = Assets.xcassets; sourceTree = "<group>"; };
		02A6DAC22432578500C39293 /* Base */ = {isa = PBXFileReference; lastKnownFileType = file.storyboard; name = Base; path = Base.lproj/LaunchScreen.storyboard; sourceTree = "<group>"; };
		02A6DAC42432578500C39293 /* Info.plist */ = {isa = PBXFileReference; lastKnownFileType = text.plist.xml; path = Info.plist; sourceTree = "<group>"; };
		02A6DAC92432578500C39293 /* NostalGameTests.xctest */ = {isa = PBXFileReference; explicitFileType = wrapper.cfbundle; includeInIndex = 0; path = NostalGameTests.xctest; sourceTree = BUILT_PRODUCTS_DIR; };
		02A6DACD2432578500C39293 /* NostalGameTests.swift */ = {isa = PBXFileReference; lastKnownFileType = sourcecode.swift; path = NostalGameTests.swift; sourceTree = "<group>"; };
		02A6DACF2432578500C39293 /* Info.plist */ = {isa = PBXFileReference; lastKnownFileType = text.plist.xml; path = Info.plist; sourceTree = "<group>"; };
		02A6DAD42432578500C39293 /* NostalGameUITests.xctest */ = {isa = PBXFileReference; explicitFileType = wrapper.cfbundle; includeInIndex = 0; path = NostalGameUITests.xctest; sourceTree = BUILT_PRODUCTS_DIR; };
		02A6DAD82432578500C39293 /* NostalGameUITests.swift */ = {isa = PBXFileReference; lastKnownFileType = sourcecode.swift; path = NostalGameUITests.swift; sourceTree = "<group>"; };
		02A6DADA2432578500C39293 /* Info.plist */ = {isa = PBXFileReference; lastKnownFileType = text.plist.xml; path = Info.plist; sourceTree = "<group>"; };
/* End PBXFileReference section */

/* Begin PBXFrameworksBuildPhase section */
		02A6DAB02432578300C39293 /* Frameworks */ = {
			isa = PBXFrameworksBuildPhase;
			buildActionMask = 2147483647;
			files = (
			);
			runOnlyForDeploymentPostprocessing = 0;
		};
		02A6DAC62432578500C39293 /* Frameworks */ = {
			isa = PBXFrameworksBuildPhase;
			buildActionMask = 2147483647;
			files = (
			);
			runOnlyForDeploymentPostprocessing = 0;
		};
		02A6DAD12432578500C39293 /* Frameworks */ = {
			isa = PBXFrameworksBuildPhase;
			buildActionMask = 2147483647;
			files = (
			);
			runOnlyForDeploymentPostprocessing = 0;
		};
/* End PBXFrameworksBuildPhase section */

/* Begin PBXGroup section */
		02A6DAAA2432578300C39293 = {
			isa = PBXGroup;
			children = (
				02A6DAB52432578300C39293 /* NostalGame */,
				02A6DACC2432578500C39293 /* NostalGameTests */,
				02A6DAD72432578500C39293 /* NostalGameUITests */,
				02A6DAB42432578300C39293 /* Products */,
			);
			sourceTree = "<group>";
		};
		02A6DAB42432578300C39293 /* Products */ = {
			isa = PBXGroup;
			children = (
				02A6DAB32432578300C39293 /* NostalGame.app */,
				02A6DAC92432578500C39293 /* NostalGameTests.xctest */,
				02A6DAD42432578500C39293 /* NostalGameUITests.xctest */,
			);
			name = Products;
			sourceTree = "<group>";
		};
		02A6DAB52432578300C39293 /* NostalGame */ = {
			isa = PBXGroup;
			children = (
				02A6DAB62432578300C39293 /* AppDelegate.swift */,
				02A6DAB82432578300C39293 /* SceneDelegate.swift */,
				02A6DABA2432578300C39293 /* ViewController.swift */,
				02A6DABC2432578300C39293 /* Main.storyboard */,
				02A6DABF2432578500C39293 /* Assets.xcassets */,
				02A6DAC12432578500C39293 /* LaunchScreen.storyboard */,
				02A6DAC42432578500C39293 /* Info.plist */,
			);
			path = NostalGame;
			sourceTree = "<group>";
		};
		02A6DACC2432578500C39293 /* NostalGameTests */ = {
			isa = PBXGroup;
			children = (
				02A6DACD2432578500C39293 /* NostalGameTests.swift */,
				02A6DACF2432578500C39293 /* Info.plist */,
			);
			path = NostalGameTests;
			sourceTree = "<group>";
		};
		02A6DAD72432578500C39293 /* NostalGameUITests */ = {
			isa = PBXGroup;
			children = (
				02A6DAD82432578500C39293 /* NostalGameUITests.swift */,
				02A6DADA2432578500C39293 /* Info.plist */,
			);
			path = NostalGameUITests;
			sourceTree = "<group>";
		};
/* End PBXGroup section */

/* Begin PBXNativeTarget section */
		02A6DAB22432578300C39293 /* NostalGame */ = {
			isa = PBXNativeTarget;
			buildConfigurationList = 02A6DADD2432578500C39293 /* Build configuration list for PBXNativeTarget "NostalGame" */;
			buildPhases = (
				02A6DAAF2432578300C39293 /* Sources */,
				02A6DAB02432578300C39293 /* Frameworks */,
				02A6DAB12432578300C39293 /* Resources */,
			);
			buildRules = (
			);
			dependencies = (
			);
			name = NostalGame;
			productName = NostalGame;
			productReference = 02A6DAB32432578300C39293 /* NostalGame.app */;
			productType = "com.apple.product-type.application";
		};
		02A6DAC82432578500C39293 /* NostalGameTests */ = {
			isa = PBXNativeTarget;
			buildConfigurationList = 02A6DAE02432578500C39293 /* Build configuration list for PBXNativeTarget "NostalGameTests" */;
			buildPhases = (
				02A6DAC52432578500C39293 /* Sources */,
				02A6DAC62432578500C39293 /* Frameworks */,
				02A6DAC72432578500C39293 /* Resources */,
			);
			buildRules = (
			);
			dependencies = (
				02A6DACB2432578500C39293 /* PBXTargetDependency */,
			);
			name = NostalGameTests;
			productName = NostalGameTests;
			productReference = 02A6DAC92432578500C39293 /* NostalGameTests.xctest */;
			productType = "com.apple.product-type.bundle.unit-test";
		};
		02A6DAD32432578500C39293 /* NostalGameUITests */ = {
			isa = PBXNativeTarget;
			buildConfigurationList = 02A6DAE32432578500C39293 /* Build configuration list for PBXNativeTarget "NostalGameUITests" */;
			buildPhases = (
				02A6DAD02432578500C39293 /* Sources */,
				02A6DAD12432578500C39293 /* Frameworks */,
				02A6DAD22432578500C39293 /* Resources */,
			);
			buildRules = (
			);
			dependencies = (
				02A6DAD62432578500C39293 /* PBXTargetDependency */,
			);
			name = NostalGameUITests;
			productName = NostalGameUITests;
			productReference = 02A6DAD42432578500C39293 /* NostalGameUITests.xctest */;
			productType = "com.apple.product-type.bundle.ui-testing";
		};
/* End PBXNativeTarget section */

/* Begin PBXProject section */
		02A6DAAB2432578300C39293 /* Project object */ = {
			isa = PBXProject;
			attributes = {
				LastSwiftUpdateCheck = 1130;
				LastUpgradeCheck = 1130;
				ORGANIZATIONNAME = "Devi Mandasari";
				TargetAttributes = {
					02A6DAB22432578300C39293 = {
						CreatedOnToolsVersion = 11.3.1;
					};
					02A6DAC82432578500C39293 = {
						CreatedOnToolsVersion = 11.3.1;
						TestTargetID = 02A6DAB22432578300C39293;
					};
					02A6DAD32432578500C39293 = {
						CreatedOnToolsVersion = 11.3.1;
						TestTargetID = 02A6DAB22432578300C39293;
					};
				};
			};
			buildConfigurationList = 02A6DAAE2432578300C39293 /* Build configuration list for PBXProject "NostalGame" */;
			compatibilityVersion = "Xcode 9.3";
			developmentRegion = en;
			hasScannedForEncodings = 0;
			knownRegions = (
				en,
				Base,
			);
			mainGroup = 02A6DAAA2432578300C39293;
			productRefGroup = 02A6DAB42432578300C39293 /* Products */;
			projectDirPath = "";
			projectRoot = "";
			targets = (
				02A6DAB22432578300C39293 /* NostalGame */,
				02A6DAC82432578500C39293 /* NostalGameTests */,
				02A6DAD32432578500C39293 /* NostalGameUITests */,
			);
		};
/* End PBXProject section */

/* Begin PBXResourcesBuildPhase section */
		02A6DAB12432578300C39293 /* Resources */ = {
			isa = PBXResourcesBuildPhase;
			buildActionMask = 2147483647;
			files = (
				02A6DAC32432578500C39293 /* LaunchScreen.storyboard in Resources */,
				02A6DAC02432578500C39293 /* Assets.xcassets in Resources */,
				02A6DABE2432578300C39293 /* Main.storyboard in Resources */,
			);
			runOnlyForDeploymentPostprocessing = 0;
		};
		02A6DAC72432578500C39293 /* Resources */ = {
			isa = PBXResourcesBuildPhase;
			buildActionMask = 2147483647;
			files = (
			);
			runOnlyForDeploymentPostprocessing = 0;
		};
		02A6DAD22432578500C39293 /* Resources */ = {
			isa = PBXResourcesBuildPhase;
			buildActionMask = 2147483647;
			files = (
			);
			runOnlyForDeploymentPostprocessing = 0;
		};
/* End PBXResourcesBuildPhase section */

/* Begin PBXSourcesBuildPhase section */
		02A6DAAF2432578300C39293 /* Sources */ = {
			isa = PBXSourcesBuildPhase;
			buildActionMask = 2147483647;
			files = (
				02A6DABB2432578300C39293 /* ViewController.swift in Sources */,
				02A6DAB72432578300C39293 /* AppDelegate.swift in Sources */,
				02A6DAB92432578300C39293 /* SceneDelegate.swift in Sources */,
			);
			runOnlyForDeploymentPostprocessing = 0;
		};
		02A6DAC52432578500C39293 /* Sources */ = {
			isa = PBXSourcesBuildPhase;
			buildActionMask = 2147483647;
			files = (
				02A6DACE2432578500C39293 /* NostalGameTests.swift in Sources */,
			);
			runOnlyForDeploymentPostprocessing = 0;
		};
		02A6DAD02432578500C39293 /* Sources */ = {
			isa = PBXSourcesBuildPhase;
			buildActionMask = 2147483647;
			files = (
				02A6DAD92432578500C39293 /* NostalGameUITests.swift in Sources */,
			);
			runOnlyForDeploymentPostprocessing = 0;
		};
/* End PBXSourcesBuildPhase section */

/* Begin PBXTargetDependency section */
		02A6DACB2432578500C39293 /* PBXTargetDependency */ = {
			isa = PBXTargetDependency;
			target = 02A6DAB22432578300C39293 /* NostalGame */;
			targetProxy = 02A6DACA2432578500C39293 /* PBXContainerItemProxy */;
		};
		02A6DAD62432578500C39293 /* PBXTargetDependency */ = {
			isa = PBXTargetDependency;
			target = 02A6DAB22432578300C39293 /* NostalGame */;
			targetProxy = 02A6DAD52432578500C39293 /* PBXContainerItemProxy */;
		};
/* End PBXTargetDependency section */

/* Begin PBXVariantGroup section */
		02A6DABC2432578300C39293 /* Main.storyboard */ = {
			isa = PBXVariantGroup;
			children = (
				02A6DABD2432578300C39293 /* Base */,
			);
			name = Main.storyboard;
			sourceTree = "<group>";
		};
		02A6DAC12432578500C39293 /* LaunchScreen.storyboard */ = {
			isa = PBXVariantGroup;
			children = (
				02A6DAC22432578500C39293 /* Base */,
			);
			name = LaunchScreen.storyboard;
			sourceTree = "<group>";
		};
/* End PBXVariantGroup section */

/* Begin XCBuildConfiguration section */
		02A6DADB2432578500C39293 /* Debug */ = {
			isa = XCBuildConfiguration;
			buildSettings = {
				ALWAYS_SEARCH_USER_PATHS = NO;
				CLANG_ANALYZER_NONNULL = YES;
				CLANG_ANALYZER_NUMBER_OBJECT_CONVERSION = YES_AGGRESSIVE;
				CLANG_CXX_LANGUAGE_STANDARD = "gnu++14";
				CLANG_CXX_LIBRARY = "libc++";
				CLANG_ENABLE_MODULES = YES;
				CLANG_ENABLE_OBJC_ARC = YES;
				CLANG_ENABLE_OBJC_WEAK = YES;
				CLANG_WARN_BLOCK_CAPTURE_AUTORELEASING = YES;
				CLANG_WARN_BOOL_CONVERSION = YES;
				CLANG_WARN_COMMA = YES;
				CLANG_WARN_CONSTANT_CONVERSION = YES;
				CLANG_WARN_DEPRECATED_OBJC_IMPLEMENTATIONS = YES;
				CLANG_WARN_DIRECT_OBJC_ISA_USAGE = YES_ERROR;
				CLANG_WARN_DOCUMENTATION_COMMENTS = YES;
				CLANG_WARN_EMPTY_BODY = YES;
				CLANG_WARN_ENUM_CONVERSION = YES;
				CLANG_WARN_INFINITE_RECURSION = YES;
				CLANG_WARN_INT_CONVERSION = YES;
				CLANG_WARN_NON_LITERAL_NULL_CONVERSION = YES;
				CLANG_WARN_OBJC_IMPLICIT_RETAIN_SELF = YES;
				CLANG_WARN_OBJC_LITERAL_CONVERSION = YES;
				CLANG_WARN_OBJC_ROOT_CLASS = YES_ERROR;
				CLANG_WARN_RANGE_LOOP_ANALYSIS = YES;
				CLANG_WARN_STRICT_PROTOTYPES = YES;
				CLANG_WARN_SUSPICIOUS_MOVE = YES;
				CLANG_WARN_UNGUARDED_AVAILABILITY = YES_AGGRESSIVE;
				CLANG_WARN_UNREACHABLE_CODE = YES;
				CLANG_WARN__DUPLICATE_METHOD_MATCH = YES;
				COPY_PHASE_STRIP = NO;
				DEBUG_INFORMATION_FORMAT = dwarf;
				ENABLE_STRICT_OBJC_MSGSEND = YES;
				ENABLE_TESTABILITY = YES;
				GCC_C_LANGUAGE_STANDARD = gnu11;
				GCC_DYNAMIC_NO_PIC = NO;
				GCC_NO_COMMON_BLOCKS = YES;
				GCC_OPTIMIZATION_LEVEL = 0;
				GCC_PREPROCESSOR_DEFINITIONS = (
					"DEBUG=1",
					"$(inherited)",
				);
				GCC_WARN_64_TO_32_BIT_CONVERSION = YES;
				GCC_WARN_ABOUT_RETURN_TYPE = YES_ERROR;
				GCC_WARN_UNDECLARED_SELECTOR = YES;
				GCC_WARN_UNINITIALIZED_AUTOS = YES_AGGRESSIVE;
				GCC_WARN_UNUSED_FUNCTION = YES;
				GCC_WARN_UNUSED_VARIABLE = YES;
				IPHONEOS_DEPLOYMENT_TARGET = 13.2;
				MTL_ENABLE_DEBUG_INFO = INCLUDE_SOURCE;
				MTL_FAST_MATH = YES;
				ONLY_ACTIVE_ARCH = YES;
				SDKROOT = iphoneos;
				SWIFT_ACTIVE_COMPILATION_CONDITIONS = DEBUG;
				SWIFT_OPTIMIZATION_LEVEL = "-Onone";
			};
			name = Debug;
		};
		02A6DADC2432578500C39293 /* Release */ = {
			isa = XCBuildConfiguration;
			buildSettings = {
				ALWAYS_SEARCH_USER_PATHS = NO;
				CLANG_ANALYZER_NONNULL = YES;
				CLANG_ANALYZER_NUMBER_OBJECT_CONVERSION = YES_AGGRESSIVE;
				CLANG_CXX_LANGUAGE_STANDARD = "gnu++14";
				CLANG_CXX_LIBRARY = "libc++";
				CLANG_ENABLE_MODULES = YES;
				CLANG_ENABLE_OBJC_ARC = YES;
				CLANG_ENABLE_OBJC_WEAK = YES;
				CLANG_WARN_BLOCK_CAPTURE_AUTORELEASING = YES;
				CLANG_WARN_BOOL_CONVERSION = YES;
				CLANG_WARN_COMMA = YES;
				CLANG_WARN_CONSTANT_CONVERSION = YES;
				CLANG_WARN_DEPRECATED_OBJC_IMPLEMENTATIONS = YES;
				CLANG_WARN_DIRECT_OBJC_ISA_USAGE = YES_ERROR;
				CLANG_WARN_DOCUMENTATION_COMMENTS = YES;
				CLANG_WARN_EMPTY_BODY = YES;
				CLANG_WARN_ENUM_CONVERSION = YES;
				CLANG_WARN_INFINITE_RECURSION = YES;
				CLANG_WARN_INT_CONVERSION = YES;
				CLANG_WARN_NON_LITERAL_NULL_CONVERSION = YES;
				CLANG_WARN_OBJC_IMPLICIT_RETAIN_SELF = YES;
				CLANG_WARN_OBJC_LITERAL_CONVERSION = YES;
				CLANG_WARN_OBJC_ROOT_CLASS = YES_ERROR;
				CLANG_WARN_RANGE_LOOP_ANALYSIS = YES;
				CLANG_WARN_STRICT_PROTOTYPES = YES;
				CLANG_WARN_SUSPICIOUS_MOVE = YES;
				CLANG_WARN_UNGUARDED_AVAILABILITY = YES_AGGRESSIVE;
				CLANG_WARN_UNREACHABLE_CODE = YES;
				CLANG_WARN__DUPLICATE_METHOD_MATCH = YES;
				COPY_PHASE_STRIP = NO;
				DEBUG_INFORMATION_FORMAT = "dwarf-with-dsym";
				ENABLE_NS_ASSERTIONS = NO;
				ENABLE_STRICT_OBJC_MSGSEND = YES;
				GCC_C_LANGUAGE_STANDARD = gnu11;
				GCC_NO_COMMON_BLOCKS = YES;
				GCC_WARN_64_TO_32_BIT_CONVERSION = YES;
				GCC_WARN_ABOUT_RETURN_TYPE = YES_ERROR;
				GCC_WARN_UNDECLARED_SELECTOR = YES;
				GCC_WARN_UNINITIALIZED_AUTOS = YES_AGGRESSIVE;
				GCC_WARN_UNUSED_FUNCTION = YES;
				GCC_WARN_UNUSED_VARIABLE = YES;
				IPHONEOS_DEPLOYMENT_TARGET = 13.2;
				MTL_ENABLE_DEBUG_INFO = NO;
				MTL_FAST_MATH = YES;
				SDKROOT = iphoneos;
				SWIFT_COMPILATION_MODE = wholemodule;
				SWIFT_OPTIMIZATION_LEVEL = "-O";
				VALIDATE_PRODUCT = YES;
			};
			name = Release;
		};
		02A6DADE2432578500C39293 /* Debug */ = {
			isa = XCBuildConfiguration;
			buildSettings = {
				ASSETCATALOG_COMPILER_APPICON_NAME = AppIcon;
				CODE_SIGN_STYLE = Automatic;
				DEVELOPMENT_TEAM = TPBC38L52Y;
				INFOPLIST_FILE = NostalGame/Info.plist;
				LD_RUNPATH_SEARCH_PATHS = (
					"$(inherited)",
					"@executable_path/Frameworks",
				);
				PRODUCT_BUNDLE_IDENTIFIER = www.infinitelearning.id.NostalGame;
				PRODUCT_NAME = "$(TARGET_NAME)";
				SWIFT_VERSION = 5.0;
				TARGETED_DEVICE_FAMILY = "1,2";
			};
			name = Debug;
		};
		02A6DADF2432578500C39293 /* Release */ = {
			isa = XCBuildConfiguration;
			buildSettings = {
				ASSETCATALOG_COMPILER_APPICON_NAME = AppIcon;
				CODE_SIGN_STYLE = Automatic;
				DEVELOPMENT_TEAM = TPBC38L52Y;
				INFOPLIST_FILE = NostalGame/Info.plist;
				LD_RUNPATH_SEARCH_PATHS = (
					"$(inherited)",
					"@executable_path/Frameworks",
				);
				PRODUCT_BUNDLE_IDENTIFIER = www.infinitelearning.id.NostalGame;
				PRODUCT_NAME = "$(TARGET_NAME)";
				SWIFT_VERSION = 5.0;
				TARGETED_DEVICE_FAMILY = "1,2";
			};
			name = Release;
		};
		02A6DAE12432578500C39293 /* Debug */ = {
			isa = XCBuildConfiguration;
			buildSettings = {
				ALWAYS_EMBED_SWIFT_STANDARD_LIBRARIES = YES;
				BUNDLE_LOADER = "$(TEST_HOST)";
				CODE_SIGN_STYLE = Automatic;
				DEVELOPMENT_TEAM = TPBC38L52Y;
				INFOPLIST_FILE = NostalGameTests/Info.plist;
				IPHONEOS_DEPLOYMENT_TARGET = 13.2;
				LD_RUNPATH_SEARCH_PATHS = (
					"$(inherited)",
					"@executable_path/Frameworks",
					"@loader_path/Frameworks",
				);
				PRODUCT_BUNDLE_IDENTIFIER = www.infinitelearning.id.NostalGameTests;
				PRODUCT_NAME = "$(TARGET_NAME)";
				SWIFT_VERSION = 5.0;
				TARGETED_DEVICE_FAMILY = "1,2";
				TEST_HOST = "$(BUILT_PRODUCTS_DIR)/NostalGame.app/NostalGame";
			};
			name = Debug;
		};
		02A6DAE22432578500C39293 /* Release */ = {
			isa = XCBuildConfiguration;
			buildSettings = {
				ALWAYS_EMBED_SWIFT_STANDARD_LIBRARIES = YES;
				BUNDLE_LOADER = "$(TEST_HOST)";
				CODE_SIGN_STYLE = Automatic;
				DEVELOPMENT_TEAM = TPBC38L52Y;
				INFOPLIST_FILE = NostalGameTests/Info.plist;
				IPHONEOS_DEPLOYMENT_TARGET = 13.2;
				LD_RUNPATH_SEARCH_PATHS = (
					"$(inherited)",
					"@executable_path/Frameworks",
					"@loader_path/Frameworks",
				);
				PRODUCT_BUNDLE_IDENTIFIER = www.infinitelearning.id.NostalGameTests;
				PRODUCT_NAME = "$(TARGET_NAME)";
				SWIFT_VERSION = 5.0;
				TARGETED_DEVICE_FAMILY = "1,2";
				TEST_HOST = "$(BUILT_PRODUCTS_DIR)/NostalGame.app/NostalGame";
			};
			name = Release;
		};
		02A6DAE42432578500C39293 /* Debug */ = {
			isa = XCBuildConfiguration;
			buildSettings = {
				ALWAYS_EMBED_SWIFT_STANDARD_LIBRARIES = YES;
				CODE_SIGN_STYLE = Automatic;
				DEVELOPMENT_TEAM = TPBC38L52Y;
				INFOPLIST_FILE = NostalGameUITests/Info.plist;
				LD_RUNPATH_SEARCH_PATHS = (
					"$(inherited)",
					"@executable_path/Frameworks",
					"@loader_path/Frameworks",
				);
				PRODUCT_BUNDLE_IDENTIFIER = www.infinitelearning.id.NostalGameUITests;
				PRODUCT_NAME = "$(TARGET_NAME)";
				SWIFT_VERSION = 5.0;
				TARGETED_DEVICE_FAMILY = "1,2";
				TEST_TARGET_NAME = NostalGame;
			};
			name = Debug;
		};
		02A6DAE52432578500C39293 /* Release */ = {
			isa = XCBuildConfiguration;
			buildSettings = {
				ALWAYS_EMBED_SWIFT_STANDARD_LIBRARIES = YES;
				CODE_SIGN_STYLE = Automatic;
				DEVELOPMENT_TEAM = TPBC38L52Y;
				INFOPLIST_FILE = NostalGameUITests/Info.plist;
				LD_RUNPATH_SEARCH_PATHS = (
					"$(inherited)",
					"@executable_path/Frameworks",
					"@loader_path/Frameworks",
				);
				PRODUCT_BUNDLE_IDENTIFIER = www.infinitelearning.id.NostalGameUITests;
				PRODUCT_NAME = "$(TARGET_NAME)";
				SWIFT_VERSION = 5.0;
				TARGETED_DEVICE_FAMILY = "1,2";
				TEST_TARGET_NAME = NostalGame;
			};
			name = Release;
		};
/* End XCBuildConfiguration section */

/* Begin XCConfigurationList section */
		02A6DAAE2432578300C39293 /* Build configuration list for PBXProject "NostalGame" */ = {
			isa = XCConfigurationList;
			buildConfigurations = (
				02A6DADB2432578500C39293 /* Debug */,
				02A6DADC2432578500C39293 /* Release */,
			);
			defaultConfigurationIsVisible = 0;
			defaultConfigurationName = Release;
		};
		02A6DADD2432578500C39293 /* Build configuration list for PBXNativeTarget "NostalGame" */ = {
			isa = XCConfigurationList;
			buildConfigurations = (
				02A6DADE2432578500C39293 /* Debug */,
				02A6DADF2432578500C39293 /* Release */,
			);
			defaultConfigurationIsVisible = 0;
			defaultConfigurationName = Release;
		};
		02A6DAE02432578500C39293 /* Build configuration list for PBXNativeTarget "NostalGameTests" */ = {
			isa = XCConfigurationList;
			buildConfigurations = (
				02A6DAE12432578500C39293 /* Debug */,
				02A6DAE22432578500C39293 /* Release */,
			);
			defaultConfigurationIsVisible = 0;
			defaultConfigurationName = Release;
		};
		02A6DAE32432578500C39293 /* Build configuration list for PBXNativeTarget "NostalGameUITests" */ = {
			isa = XCConfigurationList;
			buildConfigurations = (
				02A6DAE42432578500C39293 /* Debug */,
				02A6DAE52432578500C39293 /* Release */,
			);
			defaultConfigurationIsVisible = 0;
			defaultConfigurationName = Release;
		};
/* End XCConfigurationList section */
	};
	rootObject = 02A6DAAB2432578300C39293 /* Project object */;
}
